
Microsoft Visual Studio Solution File, Format Version 12.00
# Visual Studio Version 17
VisualStudioVersion = 17.11.35312.102
MinimumVisualStudioVersion = 10.0.40219.1
Project("{FAE04EC0-301F-11D3-BF4B-00C04F79EFBC}") = "Projektas_1", "Projektas_1.csproj", "{CCE97998-CC8F-4750-85D9-81A3A62FE4FD}"
EndProject
Global
	GlobalSection(SolutionConfigurationPlatforms) = preSolution
		Debug|Any CPU = Debug|Any CPU
		Release|Any CPU = Release|Any CPU
	EndGlobalSection
	GlobalSection(ProjectConfigurationPlatforms) = postSolution
		{CCE97998-CC8F-4750-85D9-81A3A62FE4FD}.Debug|Any CPU.ActiveCfg = Debug|Any CPU
		{CCE97998-CC8F-4750-85D9-81A3A62FE4FD}.Debug|Any CPU.Build.0 = Debug|Any CPU
		{CCE97998-CC8F-4750-85D9-81A3A62FE4FD}.Release|Any CPU.ActiveCfg = Release|Any CPU
		{CCE97998-CC8F-4750-85D9-81A3A62FE4FD}.Release|Any CPU.Build.0 = Release|Any CPU
	EndGlobalSection
	GlobalSection(SolutionProperties) = preSolution
		HideSolutionNode = FALSE
	EndGlobalSection
	GlobalSection(ExtensibilityGlobals) = postSolution
		SolutionGuid = {4073A807-BC1C-4E62-959F-1E3D15075A47}
	EndGlobalSection
EndGlobal
