
Microsoft Visual Studio Solution File, Format Version 12.00
# Visual Studio Version 17
VisualStudioVersion = 17.12.35521.163 d17.12
MinimumVisualStudioVersion = 10.0.40219.1
Project("{FAE04EC0-301F-11D3-BF4B-00C04F79EFBC}") = "Many_to_many_code_first", "Many_to_many_code_first.csproj", "{433F8095-FCDE-4C89-8613-FA4316CB7849}"
EndProject
Global
	GlobalSection(SolutionConfigurationPlatforms) = preSolution
		Debug|Any CPU = Debug|Any CPU
		Release|Any CPU = Release|Any CPU
	EndGlobalSection
	GlobalSection(ProjectConfigurationPlatforms) = postSolution
		{433F8095-FCDE-4C89-8613-FA4316CB7849}.Debug|Any CPU.ActiveCfg = Debug|Any CPU
		{433F8095-FCDE-4C89-8613-FA4316CB7849}.Debug|Any CPU.Build.0 = Debug|Any CPU
		{433F8095-FCDE-4C89-8613-FA4316CB7849}.Release|Any CPU.ActiveCfg = Release|Any CPU
		{433F8095-FCDE-4C89-8613-FA4316CB7849}.Release|Any CPU.Build.0 = Release|Any CPU
	EndGlobalSection
	GlobalSection(SolutionProperties) = preSolution
		HideSolutionNode = FALSE
	EndGlobalSection
EndGlobal
