
Microsoft Visual Studio Solution File, Format Version 12.00
# Visual Studio Version 17
VisualStudioVersion = 17.11.35312.102
MinimumVisualStudioVersion = 10.0.40219.1
Project("{FAE04EC0-301F-11D3-BF4B-00C04F79EFBC}") = "7_paskaita_OOP_Generics", "7_paskaita_OOP_Generics.csproj", "{6FE7418C-AAF2-4050-8EAA-F0B2D1933462}"
EndProject
Global
	GlobalSection(SolutionConfigurationPlatforms) = preSolution
		Debug|Any CPU = Debug|Any CPU
		Release|Any CPU = Release|Any CPU
	EndGlobalSection
	GlobalSection(ProjectConfigurationPlatforms) = postSolution
		{6FE7418C-AAF2-4050-8EAA-F0B2D1933462}.Debug|Any CPU.ActiveCfg = Debug|Any CPU
		{6FE7418C-AAF2-4050-8EAA-F0B2D1933462}.Debug|Any CPU.Build.0 = Debug|Any CPU
		{6FE7418C-AAF2-4050-8EAA-F0B2D1933462}.Release|Any CPU.ActiveCfg = Release|Any CPU
		{6FE7418C-AAF2-4050-8EAA-F0B2D1933462}.Release|Any CPU.Build.0 = Release|Any CPU
	EndGlobalSection
	GlobalSection(SolutionProperties) = preSolution
		HideSolutionNode = FALSE
	EndGlobalSection
	GlobalSection(ExtensibilityGlobals) = postSolution
		SolutionGuid = {CE332AEA-2AA6-433C-A17C-301027A2EF44}
	EndGlobalSection
EndGlobal
