
Microsoft Visual Studio Solution File, Format Version 12.00
# Visual Studio Version 17
VisualStudioVersion = 17.11.35312.102
MinimumVisualStudioVersion = 10.0.40219.1
Project("{FAE04EC0-301F-11D3-BF4B-00C04F79EFBC}") = "4_Pamoka_switch_case", "4_Pamoka_switch_case.csproj", "{9E63B8E7-3718-4750-8B3E-71A7C8F74AC8}"
EndProject
Global
	GlobalSection(SolutionConfigurationPlatforms) = preSolution
		Debug|Any CPU = Debug|Any CPU
		Release|Any CPU = Release|Any CPU
	EndGlobalSection
	GlobalSection(ProjectConfigurationPlatforms) = postSolution
		{9E63B8E7-3718-4750-8B3E-71A7C8F74AC8}.Debug|Any CPU.ActiveCfg = Debug|Any CPU
		{9E63B8E7-3718-4750-8B3E-71A7C8F74AC8}.Debug|Any CPU.Build.0 = Debug|Any CPU
		{9E63B8E7-3718-4750-8B3E-71A7C8F74AC8}.Release|Any CPU.ActiveCfg = Release|Any CPU
		{9E63B8E7-3718-4750-8B3E-71A7C8F74AC8}.Release|Any CPU.Build.0 = Release|Any CPU
	EndGlobalSection
	GlobalSection(SolutionProperties) = preSolution
		HideSolutionNode = FALSE
	EndGlobalSection
	GlobalSection(ExtensibilityGlobals) = postSolution
		SolutionGuid = {3E5E0928-4731-48BC-BDCD-3DEA80311509}
	EndGlobalSection
EndGlobal
