
Microsoft Visual Studio Solution File, Format Version 12.00
# Visual Studio Version 17
VisualStudioVersion = 17.11.35312.102
MinimumVisualStudioVersion = 10.0.40219.1
Project("{FAE04EC0-301F-11D3-BF4B-00C04F79EFBC}") = "12_Paskaita_Masyvai", "12_Paskaita_Masyvai.csproj", "{70657AE9-2880-4A9D-A7B6-BB61F0FD1518}"
EndProject
Global
	GlobalSection(SolutionConfigurationPlatforms) = preSolution
		Debug|Any CPU = Debug|Any CPU
		Release|Any CPU = Release|Any CPU
	EndGlobalSection
	GlobalSection(ProjectConfigurationPlatforms) = postSolution
		{70657AE9-2880-4A9D-A7B6-BB61F0FD1518}.Debug|Any CPU.ActiveCfg = Debug|Any CPU
		{70657AE9-2880-4A9D-A7B6-BB61F0FD1518}.Debug|Any CPU.Build.0 = Debug|Any CPU
		{70657AE9-2880-4A9D-A7B6-BB61F0FD1518}.Release|Any CPU.ActiveCfg = Release|Any CPU
		{70657AE9-2880-4A9D-A7B6-BB61F0FD1518}.Release|Any CPU.Build.0 = Release|Any CPU
	EndGlobalSection
	GlobalSection(SolutionProperties) = preSolution
		HideSolutionNode = FALSE
	EndGlobalSection
	GlobalSection(ExtensibilityGlobals) = postSolution
		SolutionGuid = {B72C00BC-B9C3-471E-A0FA-1F96011678C2}
	EndGlobalSection
EndGlobal
