
Microsoft Visual Studio Solution File, Format Version 12.00
# Visual Studio Version 17
VisualStudioVersion = 17.11.35312.102
MinimumVisualStudioVersion = 10.0.40219.1
Project("{FAE04EC0-301F-11D3-BF4B-00C04F79EFBC}") = "15_Paskaita_Random_Klase_Ir_Dvimaciai_Masyvai", "15_Paskaita_Random_Klase_Ir_Dvimaciai_Masyvai.csproj", "{DB038423-48D3-413F-BED0-03A434E55B07}"
EndProject
Global
	GlobalSection(SolutionConfigurationPlatforms) = preSolution
		Debug|Any CPU = Debug|Any CPU
		Release|Any CPU = Release|Any CPU
	EndGlobalSection
	GlobalSection(ProjectConfigurationPlatforms) = postSolution
		{DB038423-48D3-413F-BED0-03A434E55B07}.Debug|Any CPU.ActiveCfg = Debug|Any CPU
		{DB038423-48D3-413F-BED0-03A434E55B07}.Debug|Any CPU.Build.0 = Debug|Any CPU
		{DB038423-48D3-413F-BED0-03A434E55B07}.Release|Any CPU.ActiveCfg = Release|Any CPU
		{DB038423-48D3-413F-BED0-03A434E55B07}.Release|Any CPU.Build.0 = Release|Any CPU
	EndGlobalSection
	GlobalSection(SolutionProperties) = preSolution
		HideSolutionNode = FALSE
	EndGlobalSection
	GlobalSection(ExtensibilityGlobals) = postSolution
		SolutionGuid = {1CDE067B-F5F3-4AD4-8DA3-C6EAF0337FC1}
	EndGlobalSection
EndGlobal
