
Microsoft Visual Studio Solution File, Format Version 12.00
# Visual Studio Version 17
VisualStudioVersion = 17.11.35312.102
MinimumVisualStudioVersion = 10.0.40219.1
Project("{FAE04EC0-301F-11D3-BF4B-00C04F79EFBC}") = "5_paskaita_OOP_accessibility", "5_paskaita_OOP_accessibility.csproj", "{8F8CFBA2-839F-458A-AE8C-4F756D93992B}"
EndProject
Global
	GlobalSection(SolutionConfigurationPlatforms) = preSolution
		Debug|Any CPU = Debug|Any CPU
		Release|Any CPU = Release|Any CPU
	EndGlobalSection
	GlobalSection(ProjectConfigurationPlatforms) = postSolution
		{8F8CFBA2-839F-458A-AE8C-4F756D93992B}.Debug|Any CPU.ActiveCfg = Debug|Any CPU
		{8F8CFBA2-839F-458A-AE8C-4F756D93992B}.Debug|Any CPU.Build.0 = Debug|Any CPU
		{8F8CFBA2-839F-458A-AE8C-4F756D93992B}.Release|Any CPU.ActiveCfg = Release|Any CPU
		{8F8CFBA2-839F-458A-AE8C-4F756D93992B}.Release|Any CPU.Build.0 = Release|Any CPU
	EndGlobalSection
	GlobalSection(SolutionProperties) = preSolution
		HideSolutionNode = FALSE
	EndGlobalSection
	GlobalSection(ExtensibilityGlobals) = postSolution
		SolutionGuid = {87D97027-5D97-46CE-8528-4BE0211ABDE9}
	EndGlobalSection
EndGlobal
