
Microsoft Visual Studio Solution File, Format Version 12.00
# Visual Studio Version 17
VisualStudioVersion = 17.12.35521.163 d17.12
MinimumVisualStudioVersion = 10.0.40219.1
Project("{FAE04EC0-301F-11D3-BF4B-00C04F79EFBC}") = "Dapper", "Dapper.csproj", "{795FF380-7E28-4A3C-83E5-DBFBFA579D06}"
EndProject
Global
	GlobalSection(SolutionConfigurationPlatforms) = preSolution
		Debug|Any CPU = Debug|Any CPU
		Release|Any CPU = Release|Any CPU
	EndGlobalSection
	GlobalSection(ProjectConfigurationPlatforms) = postSolution
		{795FF380-7E28-4A3C-83E5-DBFBFA579D06}.Debug|Any CPU.ActiveCfg = Debug|Any CPU
		{795FF380-7E28-4A3C-83E5-DBFBFA579D06}.Debug|Any CPU.Build.0 = Debug|Any CPU
		{795FF380-7E28-4A3C-83E5-DBFBFA579D06}.Release|Any CPU.ActiveCfg = Release|Any CPU
		{795FF380-7E28-4A3C-83E5-DBFBFA579D06}.Release|Any CPU.Build.0 = Release|Any CPU
	EndGlobalSection
	GlobalSection(SolutionProperties) = preSolution
		HideSolutionNode = FALSE
	EndGlobalSection
EndGlobal
