
Microsoft Visual Studio Solution File, Format Version 12.00
# Visual Studio Version 17
VisualStudioVersion = 17.11.35312.102
MinimumVisualStudioVersion = 10.0.40219.1
Project("{FAE04EC0-301F-11D3-BF4B-00C04F79EFBC}") = "6_Paskaita_Ciklai_While", "6_Paskaita_Ciklai_While.csproj", "{F537B841-E160-4307-8070-6852633D40CB}"
EndProject
Global
	GlobalSection(SolutionConfigurationPlatforms) = preSolution
		Debug|Any CPU = Debug|Any CPU
		Release|Any CPU = Release|Any CPU
	EndGlobalSection
	GlobalSection(ProjectConfigurationPlatforms) = postSolution
		{F537B841-E160-4307-8070-6852633D40CB}.Debug|Any CPU.ActiveCfg = Debug|Any CPU
		{F537B841-E160-4307-8070-6852633D40CB}.Debug|Any CPU.Build.0 = Debug|Any CPU
		{F537B841-E160-4307-8070-6852633D40CB}.Release|Any CPU.ActiveCfg = Release|Any CPU
		{F537B841-E160-4307-8070-6852633D40CB}.Release|Any CPU.Build.0 = Release|Any CPU
	EndGlobalSection
	GlobalSection(SolutionProperties) = preSolution
		HideSolutionNode = FALSE
	EndGlobalSection
	GlobalSection(ExtensibilityGlobals) = postSolution
		SolutionGuid = {4C649C13-6F5D-49D1-8081-1B800E670BEC}
	EndGlobalSection
EndGlobal
